
Microsoft Visual Studio Solution File, Format Version 12.00
# Visual Studio Version 17
VisualStudioVersion = 17.1.32228.430
MinimumVisualStudioVersion = 10.0.40219.1
Project("{FAE04EC0-301F-11D3-BF4B-00C04F79EFBC}") = "ChatgptStudy", "ChatgptStudy\ChatgptStudy.csproj", "{B50ECFCD-B659-459A-AED4-3A843BFFE755}"
EndProject
Project("{FAE04EC0-301F-11D3-BF4B-00C04F79EFBC}") = "ServicesChatGPT", "ServicesChatGPT\ServicesChatGPT.csproj", "{BA8CF079-5292-43DC-A969-E913D7D3E902}"
EndProject
Project("{FAE04EC0-301F-11D3-BF4B-00C04F79EFBC}") = "Domain", "Domain\Domain.csproj", "{53CFDAF6-87D9-4029-A05E-D320A99A528D}"
EndProject
Global
	GlobalSection(SolutionConfigurationPlatforms) = preSolution
		Debug|Any CPU = Debug|Any CPU
		Release|Any CPU = Release|Any CPU
	EndGlobalSection
	GlobalSection(ProjectConfigurationPlatforms) = postSolution
		{B50ECFCD-B659-459A-AED4-3A843BFFE755}.Debug|Any CPU.ActiveCfg = Debug|Any CPU
		{B50ECFCD-B659-459A-AED4-3A843BFFE755}.Debug|Any CPU.Build.0 = Debug|Any CPU
		{B50ECFCD-B659-459A-AED4-3A843BFFE755}.Release|Any CPU.ActiveCfg = Release|Any CPU
		{B50ECFCD-B659-459A-AED4-3A843BFFE755}.Release|Any CPU.Build.0 = Release|Any CPU
		{BA8CF079-5292-43DC-A969-E913D7D3E902}.Debug|Any CPU.ActiveCfg = Debug|Any CPU
		{BA8CF079-5292-43DC-A969-E913D7D3E902}.Debug|Any CPU.Build.0 = Debug|Any CPU
		{BA8CF079-5292-43DC-A969-E913D7D3E902}.Release|Any CPU.ActiveCfg = Release|Any CPU
		{BA8CF079-5292-43DC-A969-E913D7D3E902}.Release|Any CPU.Build.0 = Release|Any CPU
		{53CFDAF6-87D9-4029-A05E-D320A99A528D}.Debug|Any CPU.ActiveCfg = Debug|Any CPU
		{53CFDAF6-87D9-4029-A05E-D320A99A528D}.Debug|Any CPU.Build.0 = Debug|Any CPU
		{53CFDAF6-87D9-4029-A05E-D320A99A528D}.Release|Any CPU.ActiveCfg = Release|Any CPU
		{53CFDAF6-87D9-4029-A05E-D320A99A528D}.Release|Any CPU.Build.0 = Release|Any CPU
	EndGlobalSection
	GlobalSection(SolutionProperties) = preSolution
		HideSolutionNode = FALSE
	EndGlobalSection
	GlobalSection(ExtensibilityGlobals) = postSolution
		SolutionGuid = {7AAD8C40-8F28-4390-8F25-A12919B6E56B}
	EndGlobalSection
EndGlobal
